// !$*UTF8*$!
{
	archiveVersion = 1;
	classes = {
	};
	objectVersion = 77;
	objects = {

/* Begin PBXBuildFile section */
		023F481F94F75F757435852F /* AIPlanner.swift in Sources */ = {isa = PBXBuildFile; fileRef = 5543717B3FBF113B9D8669E9 /* AIPlanner.swift */; };
		0679CC248D57929A408668B1 /* JourneyTitleTests.swift in Sources */ = {isa = PBXBuildFile; fileRef = 676BF728262A724D1F0EA38F /* JourneyTitleTests.swift */; };
		08F6D4B5CBC0095BC47A4100 /* LongPressPresentationTests.swift in Sources */ = {isa = PBXBuildFile; fileRef = 038EF71F79FF50630DC220E9 /* LongPressPresentationTests.swift */; };
		094AD351688781CAF39E4064 /* ConcurrencyTests.swift in Sources */ = {isa = PBXBuildFile; fileRef = CEB25B1C797DC9C67FC988C2 /* ConcurrencyTests.swift */; };
		0A3C38A375DBE8FF853161E1 /* RouteCache.swift in Sources */ = {isa = PBXBuildFile; fileRef = 4960F0B624456BC80191B2F2 /* RouteCache.swift */; };
		0D8DA2E591B528E9625BE0C1 /* TripEditorTests.swift in Sources */ = {isa = PBXBuildFile; fileRef = 5405CAA1777E9322D0EC643D /* TripEditorTests.swift */; };
		0EDCCB2CA07F97E8E8503BE8 /* MarkerImageCompressionTests.swift in Sources */ = {isa = PBXBuildFile; fileRef = 629F47871089F11C2624A604 /* MarkerImageCompressionTests.swift */; };
		0F68D718306898A0D1AAD16E /* CameraMotionTests.swift in Sources */ = {isa = PBXBuildFile; fileRef = 2C4BE74CB2536D59C80E35C9 /* CameraMotionTests.swift */; };
		1090057AE077861B9DFB1180 /* MarkerViews.swift in Sources */ = {isa = PBXBuildFile; fileRef = 425DF5BCBE1273228F07E613 /* MarkerViews.swift */; };
		18DC608C17CAC7B4854B1504 /* MapLayout.swift in Sources */ = {isa = PBXBuildFile; fileRef = A4A1CC01C5D4464F321F4AD2 /* MapLayout.swift */; };
		22412999EF9F454257D4C2AA /* MapServices.swift in Sources */ = {isa = PBXBuildFile; fileRef = DE1B1BE0D10CFCEBB91BDC15 /* MapServices.swift */; };
		23CC06614DFD047642FEFB5F /* HomeView.swift in Sources */ = {isa = PBXBuildFile; fileRef = 3F55A919B31EC92357E58F47 /* HomeView.swift */; };
		248B5EF5261AB46C680B894E /* SearchPaginationTests.swift in Sources */ = {isa = PBXBuildFile; fileRef = 879F810511ACB01618962440 /* SearchPaginationTests.swift */; };
		27733094231AD19C78C10729 /* InteractionTests.swift in Sources */ = {isa = PBXBuildFile; fileRef = F96C9DF6A9CD060EB8FC5BF9 /* InteractionTests.swift */; };
		2CC9AE294B1D5677D1C16057 /* SearchPaginationUITests.swift in Sources */ = {isa = PBXBuildFile; fileRef = F00A56773C523B6EC0BA67DC /* SearchPaginationUITests.swift */; };
		3335E79C4269BBF248ACA7E6 /* RouteSelection.swift in Sources */ = {isa = PBXBuildFile; fileRef = 300E21D1B221F08F4F3037F8 /* RouteSelection.swift */; };
		38923053CF1C60938E3DA1A0 /* RouteSelectionTests.swift in Sources */ = {isa = PBXBuildFile; fileRef = 2146BC6CB6A7DB6BE807D4A3 /* RouteSelectionTests.swift */; };
		39485F3DE95106F278FE9E42 /* DayCameraTests.swift in Sources */ = {isa = PBXBuildFile; fileRef = 908FAE746654BE33A7EF0C0B /* DayCameraTests.swift */; };
		3949F712B65422C0D0BDCFC9 /* AddMapPlaceTests.swift in Sources */ = {isa = PBXBuildFile; fileRef = 4727193173735B1B9BB87B02 /* AddMapPlaceTests.swift */; };
		3CB22184CBBAE48E12851E89 /* Theme.swift in Sources */ = {isa = PBXBuildFile; fileRef = B6BCC61DF450ED6A22EB583F /* Theme.swift */; };
		40D75353D7FB6F3862F2FA5B /* ItineraryScrollTests.swift in Sources */ = {isa = PBXBuildFile; fileRef = 1967E749797AC413790F093E /* ItineraryScrollTests.swift */; };
		4692A1E0AFE15F940C05AF1A /* PanelControlsTests.swift in Sources */ = {isa = PBXBuildFile; fileRef = 4869E83E16B78BCCC652AAF2 /* PanelControlsTests.swift */; };
		49854BE16EBA83ACCBB42D5E /* PrivacyInfo.xcprivacy in Resources */ = {isa = PBXBuildFile; fileRef = 5AAA4D8D79DFD1AE6A2DFD48 /* PrivacyInfo.xcprivacy */; };
		4ACB817D344D263D4236929F /* MarkerEditorTests.swift in Sources */ = {isa = PBXBuildFile; fileRef = AA085D1BA8DACA6C746B7934 /* MarkerEditorTests.swift */; };
		5538217A971FAC9AA8F693F5 /* RouteSpatialIndex.swift in Sources */ = {isa = PBXBuildFile; fileRef = 643D80F501C97FDAC85C6252 /* RouteSpatialIndex.swift */; };
		5C9EA6A5EA50DF5C6538B4F1 /* AIPlannerView.swift in Sources */ = {isa = PBXBuildFile; fileRef = 3E64E5D5CCD66C47F3724D18 /* AIPlannerView.swift */; };
		5DF08649B912E7DCD153DAF9 /* SearchMapTests.swift in Sources */ = {isa = PBXBuildFile; fileRef = 0B62253EAC3829164040323C /* SearchMapTests.swift */; };
		5E5B7F87B301257F05899C5B /* CameraMotion.swift in Sources */ = {isa = PBXBuildFile; fileRef = 52A5131C016B257343D4A0CD /* CameraMotion.swift */; };
		600AA5D63A9848C91732D1B2 /* MapZoomPresentation.swift in Sources */ = {isa = PBXBuildFile; fileRef = E638F7BC16C1CF3639093C55 /* MapZoomPresentation.swift */; };
		68FF0B51308420440E8B1B0B /* AppConfiguration.swift in Sources */ = {isa = PBXBuildFile; fileRef = 0E1101856C18590877C951E1 /* AppConfiguration.swift */; };
		6A7D2165452F483DB01241F3 /* SettingsView.swift in Sources */ = {isa = PBXBuildFile; fileRef = 233C57940FA2593E0DCB67CA /* SettingsView.swift */; };
		6BBD3C37096FDF93EEF42081 /* MarkerPresentation.swift in Sources */ = {isa = PBXBuildFile; fileRef = 1B01B7D0E0377DDA8508CED5 /* MarkerPresentation.swift */; };
		713D1F220F533D20CBEF44F5 /* MapRenderer.swift in Sources */ = {isa = PBXBuildFile; fileRef = 538108F21D71668426EA9A48 /* MapRenderer.swift */; };
		715560E54C4642338D7A666A /* MarkerImageCompression.swift in Sources */ = {isa = PBXBuildFile; fileRef = 7242A04536ED3C50E6452593 /* MarkerImageCompression.swift */; };
		74A88091D9ABF6D8AA712AB9 /* JourneySheetBackground.swift in Sources */ = {isa = PBXBuildFile; fileRef = 5C8C9BD1EBF34357D9BDA56D /* JourneySheetBackground.swift */; };
		766FE466F6D956CDA75A8209 /* SettingsAboutTests.swift in Sources */ = {isa = PBXBuildFile; fileRef = CEA9209DA30A602DD938E864 /* SettingsAboutTests.swift */; };
		77664758EF9744C20B041766 /* RichText.swift in Sources */ = {isa = PBXBuildFile; fileRef = CD30B40DC569CCDF2AE7528C /* RichText.swift */; };
		77E5FBF26CBA7D5C9FA81B1C /* MarkerRepositoryTests.swift in Sources */ = {isa = PBXBuildFile; fileRef = CB49204DC62950AB6B319F2C /* MarkerRepositoryTests.swift */; };
		7BEA09FA819B4A2C14776CC8 /* SearchPaginationFooter.swift in Sources */ = {isa = PBXBuildFile; fileRef = EAC64C383639F21EED9F37FC /* SearchPaginationFooter.swift */; };
		88BDD700EE8AEA131E92D93A /* JourneyCircleButtonStyle.swift in Sources */ = {isa = PBXBuildFile; fileRef = 4FDDA121FFD3C16E1FD7287B /* JourneyCircleButtonStyle.swift */; };
		8ACAB632ABC3011A72B69678 /* JourneySwitchingTests.swift in Sources */ = {isa = PBXBuildFile; fileRef = A37628FCCBC95361BF34534F /* JourneySwitchingTests.swift */; };
		8FC298524B1D52C0FBF7C80B /* SearchSelectionTests.swift in Sources */ = {isa = PBXBuildFile; fileRef = C335E3944995E33E94762A45 /* SearchSelectionTests.swift */; };
		90547715CCA2328EA998204F /* NativeJourneyTests.swift in Sources */ = {isa = PBXBuildFile; fileRef = E45FECFBB8C13A6617DE0148 /* NativeJourneyTests.swift */; };
		94A01BA374D7E4FEB1418E35 /* Geometry.swift in Sources */ = {isa = PBXBuildFile; fileRef = F72771F1E2B151FC279B7446 /* Geometry.swift */; };
		97F611E5D8A6E49BAE5F2958 /* RouteOverlaySnapshot.swift in Sources */ = {isa = PBXBuildFile; fileRef = 9BFC9E44BED6AF2ED557266F /* RouteOverlaySnapshot.swift */; };
		9AA3D451340B9A78DBD31C91 /* RouteDayPicker.swift in Sources */ = {isa = PBXBuildFile; fileRef = 2DA31AC9C1D4779C84150D42 /* RouteDayPicker.swift */; };
		9B10601417C914FADA9A378B /* IPadBackButtonTests.swift in Sources */ = {isa = PBXBuildFile; fileRef = E3CEB28B9AC73D1B3F6747FB /* IPadBackButtonTests.swift */; };
		A292D855F2E570ABB25B79F7 /* Assets.xcassets in Resources */ = {isa = PBXBuildFile; fileRef = 1C4EE1D4A3CFED767F0CC73D /* Assets.xcassets */; };
		A84AB72A4DDDDCE73C8F9F47 /* MapZoomTests.swift in Sources */ = {isa = PBXBuildFile; fileRef = 401E2D25019885A304E0676C /* MapZoomTests.swift */; };
		A9F6407DE636ABED000B181E /* RouteRedrawTests.swift in Sources */ = {isa = PBXBuildFile; fileRef = FDB69B65CFD0B0604D5476A1 /* RouteRedrawTests.swift */; };
		B13C16980AC0CF8CF7E227EB /* TripsView.swift in Sources */ = {isa = PBXBuildFile; fileRef = 7DC8A3EBC540A61F7259026E /* TripsView.swift */; };
		B25AC42552BB34D2312B4B7B /* AIPlannerUITests.swift in Sources */ = {isa = PBXBuildFile; fileRef = 71A017E8694F055DAB5D395B /* AIPlannerUITests.swift */; };
		B353F2DDCDACD295F7761889 /* MapAnNaiApp.swift in Sources */ = {isa = PBXBuildFile; fileRef = 880735812DDF2FA55D3DF5DF /* MapAnNaiApp.swift */; };
		B55668A6A18E3B01AE4916BF /* NoteContent.swift in Sources */ = {isa = PBXBuildFile; fileRef = 5114754DBBCAFABDDCB8097D /* NoteContent.swift */; };
		BD107C091E8E4C753CB7D72E /* AMapView.swift in Sources */ = {isa = PBXBuildFile; fileRef = 8D1D7BACAED41D3AB875D71B /* AMapView.swift */; };
		C4D5DDD576313DAB75D72D1E /* JourneyEditingActionsTests.swift in Sources */ = {isa = PBXBuildFile; fileRef = 56F9EE0EE65E5CD608401408 /* JourneyEditingActionsTests.swift */; };
		CD90D38874039B3AA27EE68D /* AppStore.swift in Sources */ = {isa = PBXBuildFile; fileRef = 5F1DE90E8066F7692BEC6055 /* AppStore.swift */; };
		D34B30E8151C3DFF8428D7E3 /* NativeMapControls.swift in Sources */ = {isa = PBXBuildFile; fileRef = 50DE00593E8084F5D51D56A4 /* NativeMapControls.swift */; };
		D35081C38CB650DFA49D2085 /* JourneyBackgroundTests.swift in Sources */ = {isa = PBXBuildFile; fileRef = 6F00528A33C5070614ABF1CA /* JourneyBackgroundTests.swift */; };
		D61C89014A16E20523662687 /* APIClient.swift in Sources */ = {isa = PBXBuildFile; fileRef = 1579B0865582F6FFBD7E34E0 /* APIClient.swift */; };
		DA349CCCD8C4953A7B89C9E2 /* Models.swift in Sources */ = {isa = PBXBuildFile; fileRef = 9CA0DB7FCE4B26BA1A253D3F /* Models.swift */; };
		DA9CD0CDD537652D05E8EE9E /* AIPlannerTests.swift in Sources */ = {isa = PBXBuildFile; fileRef = 5AD8D5E25A1C9E0E2FACB862 /* AIPlannerTests.swift */; };
		DC1D46E954FB9A2F0D7C464E /* Settings.swift in Sources */ = {isa = PBXBuildFile; fileRef = 77B1BBFF8F1D29583F6C7FF1 /* Settings.swift */; };
		E2168374E2CE6CF03B3B8704 /* MarkerRepository.swift in Sources */ = {isa = PBXBuildFile; fileRef = 7DCC62887180493DD5274D78 /* MarkerRepository.swift */; };
		E59A20A4E04ECD9CFFF72589 /* RouteProcessing.swift in Sources */ = {isa = PBXBuildFile; fileRef = 20FE4064B67BA89D296FCAFB /* RouteProcessing.swift */; };
		E5E82A9A2F2526B35B873E8B /* JourneyViews.swift in Sources */ = {isa = PBXBuildFile; fileRef = 1EE4DC6DD0A68391E9F7832E /* JourneyViews.swift */; };
		EA7A0398EDDD1A5DFFE220EF /* IPadDetailTests.swift in Sources */ = {isa = PBXBuildFile; fileRef = 455D902A90E28E3E96034F8D /* IPadDetailTests.swift */; };
		F1C63FD2A82AAF743A72E3E0 /* StartupCamera.swift in Sources */ = {isa = PBXBuildFile; fileRef = 8A3978F19A26A8C390918515 /* StartupCamera.swift */; };
		F454FB7809C094724227F0B8 /* CoreTests.swift in Sources */ = {isa = PBXBuildFile; fileRef = 8ED85B293D18534AAB521985 /* CoreTests.swift */; };
		F4F825F5B89CAF5DBED715F0 /* RouteSelectionTests.swift in Sources */ = {isa = PBXBuildFile; fileRef = 184D7AD5A43DD29A4BC180FA /* RouteSelectionTests.swift */; };
		FA12D526BE363798066A4746 /* AMap.bundle in Resources */ = {isa = PBXBuildFile; fileRef = 2BB74C6B3AD95B8AF3911377 /* AMap.bundle */; };
/* End PBXBuildFile section */

/* Begin PBXContainerItemProxy section */
		03991907EFDF034282A0F241 /* PBXContainerItemProxy */ = {
			isa = PBXContainerItemProxy;
			containerPortal = 982C388814086B3B841106C2 /* Project object */;
			proxyType = 1;
			remoteGlobalIDString = 35346FA783E77D1CC9D41F83;
			remoteInfo = MapAnNai;
		};
		CCE6420A7E5FE944954D82B1 /* PBXContainerItemProxy */ = {
			isa = PBXContainerItemProxy;
			containerPortal = 982C388814086B3B841106C2 /* Project object */;
			proxyType = 1;
			remoteGlobalIDString = 35346FA783E77D1CC9D41F83;
			remoteInfo = MapAnNai;
		};
/* End PBXContainerItemProxy section */

/* Begin PBXFileReference section */
		038EF71F79FF50630DC220E9 /* LongPressPresentationTests.swift */ = {isa = PBXFileReference; lastKnownFileType = sourcecode.swift; path = LongPressPresentationTests.swift; sourceTree = "<group>"; };
		09E543F803BEDC2629C60388 /* Info.plist */ = {isa = PBXFileReference; lastKnownFileType = text.plist; path = Info.plist; sourceTree = "<group>"; };
		0B62253EAC3829164040323C /* SearchMapTests.swift */ = {isa = PBXFileReference; lastKnownFileType = sourcecode.swift; path = SearchMapTests.swift; sourceTree = "<group>"; };
		0E1101856C18590877C951E1 /* AppConfiguration.swift */ = {isa = PBXFileReference; lastKnownFileType = sourcecode.swift; path = AppConfiguration.swift; sourceTree = "<group>"; };
		1579B0865582F6FFBD7E34E0 /* APIClient.swift */ = {isa = PBXFileReference; lastKnownFileType = sourcecode.swift; path = APIClient.swift; sourceTree = "<group>"; };
		184D7AD5A43DD29A4BC180FA /* RouteSelectionTests.swift */ = {isa = PBXFileReference; lastKnownFileType = sourcecode.swift; path = RouteSelectionTests.swift; sourceTree = "<group>"; };
		1967E749797AC413790F093E /* ItineraryScrollTests.swift */ = {isa = PBXFileReference; lastKnownFileType = sourcecode.swift; path = ItineraryScrollTests.swift; sourceTree = "<group>"; };
		1B01B7D0E0377DDA8508CED5 /* MarkerPresentation.swift */ = {isa = PBXFileReference; lastKnownFileType = sourcecode.swift; path = MarkerPresentation.swift; sourceTree = "<group>"; };
		1C4EE1D4A3CFED767F0CC73D /* Assets.xcassets */ = {isa = PBXFileReference; lastKnownFileType = folder.assetcatalog; path = Assets.xcassets; sourceTree = "<group>"; };
		1D05C6D25966F6717D9418A3 /* MapAnNai.app */ = {isa = PBXFileReference; includeInIndex = 0; lastKnownFileType = wrapper.application; path = MapAnNai.app; sourceTree = BUILT_PRODUCTS_DIR; };
		1EE4DC6DD0A68391E9F7832E /* JourneyViews.swift */ = {isa = PBXFileReference; lastKnownFileType = sourcecode.swift; path = JourneyViews.swift; sourceTree = "<group>"; };
		20FE4064B67BA89D296FCAFB /* RouteProcessing.swift */ = {isa = PBXFileReference; lastKnownFileType = sourcecode.swift; path = RouteProcessing.swift; sourceTree = "<group>"; };
		2146BC6CB6A7DB6BE807D4A3 /* RouteSelectionTests.swift */ = {isa = PBXFileReference; lastKnownFileType = sourcecode.swift; path = RouteSelectionTests.swift; sourceTree = "<group>"; };
		233C57940FA2593E0DCB67CA /* SettingsView.swift */ = {isa = PBXFileReference; lastKnownFileType = sourcecode.swift; path = SettingsView.swift; sourceTree = "<group>"; };
		2BB74C6B3AD95B8AF3911377 /* AMap.bundle */ = {isa = PBXFileReference; lastKnownFileType = wrapper.cfbundle; path = AMap.bundle; sourceTree = "<group>"; };
		2C4BE74CB2536D59C80E35C9 /* CameraMotionTests.swift */ = {isa = PBXFileReference; lastKnownFileType = sourcecode.swift; path = CameraMotionTests.swift; sourceTree = "<group>"; };
		2DA31AC9C1D4779C84150D42 /* RouteDayPicker.swift */ = {isa = PBXFileReference; lastKnownFileType = sourcecode.swift; path = RouteDayPicker.swift; sourceTree = "<group>"; };
		300E21D1B221F08F4F3037F8 /* RouteSelection.swift */ = {isa = PBXFileReference; lastKnownFileType = sourcecode.swift; path = RouteSelection.swift; sourceTree = "<group>"; };
		3E64E5D5CCD66C47F3724D18 /* AIPlannerView.swift */ = {isa = PBXFileReference; lastKnownFileType = sourcecode.swift; path = AIPlannerView.swift; sourceTree = "<group>"; };
		3F55A919B31EC92357E58F47 /* HomeView.swift */ = {isa = PBXFileReference; lastKnownFileType = sourcecode.swift; path = HomeView.swift; sourceTree = "<group>"; };
		401E2D25019885A304E0676C /* MapZoomTests.swift */ = {isa = PBXFileReference; lastKnownFileType = sourcecode.swift; path = MapZoomTests.swift; sourceTree = "<group>"; };
		425DF5BCBE1273228F07E613 /* MarkerViews.swift */ = {isa = PBXFileReference; lastKnownFileType = sourcecode.swift; path = MarkerViews.swift; sourceTree = "<group>"; };
		42CAE74097153A4CF3C81CE1 /* MapAnNaiTests.xctest */ = {isa = PBXFileReference; includeInIndex = 0; lastKnownFileType = wrapper.cfbundle; path = MapAnNaiTests.xctest; sourceTree = BUILT_PRODUCTS_DIR; };
		44F803700132C621981E8417 /* MapAnNai-Bridging-Header.h */ = {isa = PBXFileReference; lastKnownFileType = sourcecode.c.h; path = "MapAnNai-Bridging-Header.h"; sourceTree = "<group>"; };
		455D902A90E28E3E96034F8D /* IPadDetailTests.swift */ = {isa = PBXFileReference; lastKnownFileType = sourcecode.swift; path = IPadDetailTests.swift; sourceTree = "<group>"; };
		4727193173735B1B9BB87B02 /* AddMapPlaceTests.swift */ = {isa = PBXFileReference; lastKnownFileType = sourcecode.swift; path = AddMapPlaceTests.swift; sourceTree = "<group>"; };
		4869E83E16B78BCCC652AAF2 /* PanelControlsTests.swift */ = {isa = PBXFileReference; lastKnownFileType = sourcecode.swift; path = PanelControlsTests.swift; sourceTree = "<group>"; };
		4960F0B624456BC80191B2F2 /* RouteCache.swift */ = {isa = PBXFileReference; lastKnownFileType = sourcecode.swift; path = RouteCache.swift; sourceTree = "<group>"; };
		4FDDA121FFD3C16E1FD7287B /* JourneyCircleButtonStyle.swift */ = {isa = PBXFileReference; lastKnownFileType = sourcecode.swift; path = JourneyCircleButtonStyle.swift; sourceTree = "<group>"; };
		50DE00593E8084F5D51D56A4 /* NativeMapControls.swift */ = {isa = PBXFileReference; lastKnownFileType = sourcecode.swift; path = NativeMapControls.swift; sourceTree = "<group>"; };
		5114754DBBCAFABDDCB8097D /* NoteContent.swift */ = {isa = PBXFileReference; lastKnownFileType = sourcecode.swift; path = NoteContent.swift; sourceTree = "<group>"; };
		52A5131C016B257343D4A0CD /* CameraMotion.swift */ = {isa = PBXFileReference; lastKnownFileType = sourcecode.swift; path = CameraMotion.swift; sourceTree = "<group>"; };
		538108F21D71668426EA9A48 /* MapRenderer.swift */ = {isa = PBXFileReference; lastKnownFileType = sourcecode.swift; path = MapRenderer.swift; sourceTree = "<group>"; };
		5405CAA1777E9322D0EC643D /* TripEditorTests.swift */ = {isa = PBXFileReference; lastKnownFileType = sourcecode.swift; path = TripEditorTests.swift; sourceTree = "<group>"; };
		5543717B3FBF113B9D8669E9 /* AIPlanner.swift */ = {isa = PBXFileReference; lastKnownFileType = sourcecode.swift; path = AIPlanner.swift; sourceTree = "<group>"; };
		56F9EE0EE65E5CD608401408 /* JourneyEditingActionsTests.swift */ = {isa = PBXFileReference; lastKnownFileType = sourcecode.swift; path = JourneyEditingActionsTests.swift; sourceTree = "<group>"; };
		5AAA4D8D79DFD1AE6A2DFD48 /* PrivacyInfo.xcprivacy */ = {isa = PBXFileReference; path = PrivacyInfo.xcprivacy; sourceTree = "<group>"; };
		5AD8D5E25A1C9E0E2FACB862 /* AIPlannerTests.swift */ = {isa = PBXFileReference; lastKnownFileType = sourcecode.swift; path = AIPlannerTests.swift; sourceTree = "<group>"; };
		5C8C9BD1EBF34357D9BDA56D /* JourneySheetBackground.swift */ = {isa = PBXFileReference; lastKnownFileType = sourcecode.swift; path = JourneySheetBackground.swift; sourceTree = "<group>"; };
		5F1DE90E8066F7692BEC6055 /* AppStore.swift */ = {isa = PBXFileReference; lastKnownFileType = sourcecode.swift; path = AppStore.swift; sourceTree = "<group>"; };
		629F47871089F11C2624A604 /* MarkerImageCompressionTests.swift */ = {isa = PBXFileReference; lastKnownFileType = sourcecode.swift; path = MarkerImageCompressionTests.swift; sourceTree = "<group>"; };
		643D80F501C97FDAC85C6252 /* RouteSpatialIndex.swift */ = {isa = PBXFileReference; lastKnownFileType = sourcecode.swift; path = RouteSpatialIndex.swift; sourceTree = "<group>"; };
		676BF728262A724D1F0EA38F /* JourneyTitleTests.swift */ = {isa = PBXFileReference; lastKnownFileType = sourcecode.swift; path = JourneyTitleTests.swift; sourceTree = "<group>"; };
		6F00528A33C5070614ABF1CA /* JourneyBackgroundTests.swift */ = {isa = PBXFileReference; lastKnownFileType = sourcecode.swift; path = JourneyBackgroundTests.swift; sourceTree = "<group>"; };
		71A017E8694F055DAB5D395B /* AIPlannerUITests.swift */ = {isa = PBXFileReference; lastKnownFileType = sourcecode.swift; path = AIPlannerUITests.swift; sourceTree = "<group>"; };
		7242A04536ED3C50E6452593 /* MarkerImageCompression.swift */ = {isa = PBXFileReference; lastKnownFileType = sourcecode.swift; path = MarkerImageCompression.swift; sourceTree = "<group>"; };
		77B1BBFF8F1D29583F6C7FF1 /* Settings.swift */ = {isa = PBXFileReference; lastKnownFileType = sourcecode.swift; path = Settings.swift; sourceTree = "<group>"; };
		7DC8A3EBC540A61F7259026E /* TripsView.swift */ = {isa = PBXFileReference; lastKnownFileType = sourcecode.swift; path = TripsView.swift; sourceTree = "<group>"; };
		7DCC62887180493DD5274D78 /* MarkerRepository.swift */ = {isa = PBXFileReference; lastKnownFileType = sourcecode.swift; path = MarkerRepository.swift; sourceTree = "<group>"; };
		879F810511ACB01618962440 /* SearchPaginationTests.swift */ = {isa = PBXFileReference; lastKnownFileType = sourcecode.swift; path = SearchPaginationTests.swift; sourceTree = "<group>"; };
		880735812DDF2FA55D3DF5DF /* MapAnNaiApp.swift */ = {isa = PBXFileReference; lastKnownFileType = sourcecode.swift; path = MapAnNaiApp.swift; sourceTree = "<group>"; };
		8A3978F19A26A8C390918515 /* StartupCamera.swift */ = {isa = PBXFileReference; lastKnownFileType = sourcecode.swift; path = StartupCamera.swift; sourceTree = "<group>"; };
		8D1D7BACAED41D3AB875D71B /* AMapView.swift */ = {isa = PBXFileReference; lastKnownFileType = sourcecode.swift; path = AMapView.swift; sourceTree = "<group>"; };
		8ED85B293D18534AAB521985 /* CoreTests.swift */ = {isa = PBXFileReference; lastKnownFileType = sourcecode.swift; path = CoreTests.swift; sourceTree = "<group>"; };
		908FAE746654BE33A7EF0C0B /* DayCameraTests.swift */ = {isa = PBXFileReference; lastKnownFileType = sourcecode.swift; path = DayCameraTests.swift; sourceTree = "<group>"; };
		9BFC9E44BED6AF2ED557266F /* RouteOverlaySnapshot.swift */ = {isa = PBXFileReference; lastKnownFileType = sourcecode.swift; path = RouteOverlaySnapshot.swift; sourceTree = "<group>"; };
		9CA0DB7FCE4B26BA1A253D3F /* Models.swift */ = {isa = PBXFileReference; lastKnownFileType = sourcecode.swift; path = Models.swift; sourceTree = "<group>"; };
		A37628FCCBC95361BF34534F /* JourneySwitchingTests.swift */ = {isa = PBXFileReference; lastKnownFileType = sourcecode.swift; path = JourneySwitchingTests.swift; sourceTree = "<group>"; };
		A4A1CC01C5D4464F321F4AD2 /* MapLayout.swift */ = {isa = PBXFileReference; lastKnownFileType = sourcecode.swift; path = MapLayout.swift; sourceTree = "<group>"; };
		AA085D1BA8DACA6C746B7934 /* MarkerEditorTests.swift */ = {isa = PBXFileReference; lastKnownFileType = sourcecode.swift; path = MarkerEditorTests.swift; sourceTree = "<group>"; };
		B6BCC61DF450ED6A22EB583F /* Theme.swift */ = {isa = PBXFileReference; lastKnownFileType = sourcecode.swift; path = Theme.swift; sourceTree = "<group>"; };
		C335E3944995E33E94762A45 /* SearchSelectionTests.swift */ = {isa = PBXFileReference; lastKnownFileType = sourcecode.swift; path = SearchSelectionTests.swift; sourceTree = "<group>"; };
		C93BEB8BDCD7B18AE3AF5CAC /* App.xcconfig */ = {isa = PBXFileReference; lastKnownFileType = text.xcconfig; path = App.xcconfig; sourceTree = "<group>"; };
		CB49204DC62950AB6B319F2C /* MarkerRepositoryTests.swift */ = {isa = PBXFileReference; lastKnownFileType = sourcecode.swift; path = MarkerRepositoryTests.swift; sourceTree = "<group>"; };
		CD30B40DC569CCDF2AE7528C /* RichText.swift */ = {isa = PBXFileReference; lastKnownFileType = sourcecode.swift; path = RichText.swift; sourceTree = "<group>"; };
		CEA9209DA30A602DD938E864 /* SettingsAboutTests.swift */ = {isa = PBXFileReference; lastKnownFileType = sourcecode.swift; path = SettingsAboutTests.swift; sourceTree = "<group>"; };
		CEB25B1C797DC9C67FC988C2 /* ConcurrencyTests.swift */ = {isa = PBXFileReference; lastKnownFileType = sourcecode.swift; path = ConcurrencyTests.swift; sourceTree = "<group>"; };
		DE1B1BE0D10CFCEBB91BDC15 /* MapServices.swift */ = {isa = PBXFileReference; lastKnownFileType = sourcecode.swift; path = MapServices.swift; sourceTree = "<group>"; };
		E3CEB28B9AC73D1B3F6747FB /* IPadBackButtonTests.swift */ = {isa = PBXFileReference; lastKnownFileType = sourcecode.swift; path = IPadBackButtonTests.swift; sourceTree = "<group>"; };
		E45FECFBB8C13A6617DE0148 /* NativeJourneyTests.swift */ = {isa = PBXFileReference; lastKnownFileType = sourcecode.swift; path = NativeJourneyTests.swift; sourceTree = "<group>"; };
		E638F7BC16C1CF3639093C55 /* MapZoomPresentation.swift */ = {isa = PBXFileReference; lastKnownFileType = sourcecode.swift; path = MapZoomPresentation.swift; sourceTree = "<group>"; };
		EAC64C383639F21EED9F37FC /* SearchPaginationFooter.swift */ = {isa = PBXFileReference; lastKnownFileType = sourcecode.swift; path = SearchPaginationFooter.swift; sourceTree = "<group>"; };
		F00A56773C523B6EC0BA67DC /* SearchPaginationUITests.swift */ = {isa = PBXFileReference; lastKnownFileType = sourcecode.swift; path = SearchPaginationUITests.swift; sourceTree = "<group>"; };
		F68E87F16FD306CFB5F81815 /* MapAnNaiUITests.xctest */ = {isa = PBXFileReference; includeInIndex = 0; lastKnownFileType = wrapper.cfbundle; path = MapAnNaiUITests.xctest; sourceTree = BUILT_PRODUCTS_DIR; };
		F72771F1E2B151FC279B7446 /* Geometry.swift */ = {isa = PBXFileReference; lastKnownFileType = sourcecode.swift; path = Geometry.swift; sourceTree = "<group>"; };
		F96C9DF6A9CD060EB8FC5BF9 /* InteractionTests.swift */ = {isa = PBXFileReference; lastKnownFileType = sourcecode.swift; path = InteractionTests.swift; sourceTree = "<group>"; };
		FDB69B65CFD0B0604D5476A1 /* RouteRedrawTests.swift */ = {isa = PBXFileReference; lastKnownFileType = sourcecode.swift; path = RouteRedrawTests.swift; sourceTree = "<group>"; };
/* End PBXFileReference section */

/* Begin PBXGroup section */
		1EF9154FA46CC75A2451A6C7 /* App */ = {
			isa = PBXGroup;
			children = (
				1C4EE1D4A3CFED767F0CC73D /* Assets.xcassets */,
				09E543F803BEDC2629C60388 /* Info.plist */,
				44F803700132C621981E8417 /* MapAnNai-Bridging-Header.h */,
				880735812DDF2FA55D3DF5DF /* MapAnNaiApp.swift */,
				5AAA4D8D79DFD1AE6A2DFD48 /* PrivacyInfo.xcprivacy */,
			);
			path = App;
			sourceTree = "<group>";
		};
		1FA04B1D4795AEF0373DC2C2 /* Views */ = {
			isa = PBXGroup;
			children = (
				3E64E5D5CCD66C47F3724D18 /* AIPlannerView.swift */,
				3F55A919B31EC92357E58F47 /* HomeView.swift */,
				4FDDA121FFD3C16E1FD7287B /* JourneyCircleButtonStyle.swift */,
				5C8C9BD1EBF34357D9BDA56D /* JourneySheetBackground.swift */,
				1EE4DC6DD0A68391E9F7832E /* JourneyViews.swift */,
				425DF5BCBE1273228F07E613 /* MarkerViews.swift */,
				50DE00593E8084F5D51D56A4 /* NativeMapControls.swift */,
				CD30B40DC569CCDF2AE7528C /* RichText.swift */,
				EAC64C383639F21EED9F37FC /* SearchPaginationFooter.swift */,
				233C57940FA2593E0DCB67CA /* SettingsView.swift */,
				B6BCC61DF450ED6A22EB583F /* Theme.swift */,
				7DC8A3EBC540A61F7259026E /* TripsView.swift */,
			);
			path = Views;
			sourceTree = "<group>";
		};
		2BCFA94719B5F00772146B79 /* Core */ = {
			isa = PBXGroup;
			children = (
				5543717B3FBF113B9D8669E9 /* AIPlanner.swift */,
				1579B0865582F6FFBD7E34E0 /* APIClient.swift */,
				0E1101856C18590877C951E1 /* AppConfiguration.swift */,
				5F1DE90E8066F7692BEC6055 /* AppStore.swift */,
				52A5131C016B257343D4A0CD /* CameraMotion.swift */,
				F72771F1E2B151FC279B7446 /* Geometry.swift */,
				A4A1CC01C5D4464F321F4AD2 /* MapLayout.swift */,
				DE1B1BE0D10CFCEBB91BDC15 /* MapServices.swift */,
				E638F7BC16C1CF3639093C55 /* MapZoomPresentation.swift */,
				7242A04536ED3C50E6452593 /* MarkerImageCompression.swift */,
				1B01B7D0E0377DDA8508CED5 /* MarkerPresentation.swift */,
				7DCC62887180493DD5274D78 /* MarkerRepository.swift */,
				9CA0DB7FCE4B26BA1A253D3F /* Models.swift */,
				5114754DBBCAFABDDCB8097D /* NoteContent.swift */,
				4960F0B624456BC80191B2F2 /* RouteCache.swift */,
				9BFC9E44BED6AF2ED557266F /* RouteOverlaySnapshot.swift */,
				20FE4064B67BA89D296FCAFB /* RouteProcessing.swift */,
				300E21D1B221F08F4F3037F8 /* RouteSelection.swift */,
				643D80F501C97FDAC85C6252 /* RouteSpatialIndex.swift */,
				77B1BBFF8F1D29583F6C7FF1 /* Settings.swift */,
				8A3978F19A26A8C390918515 /* StartupCamera.swift */,
			);
			path = Core;
			sourceTree = "<group>";
		};
		51A720AC2B203A3394D9A050 /* Tests */ = {
			isa = PBXGroup;
			children = (
				5AD8D5E25A1C9E0E2FACB862 /* AIPlannerTests.swift */,
				2C4BE74CB2536D59C80E35C9 /* CameraMotionTests.swift */,
				CEB25B1C797DC9C67FC988C2 /* ConcurrencyTests.swift */,
				8ED85B293D18534AAB521985 /* CoreTests.swift */,
				908FAE746654BE33A7EF0C0B /* DayCameraTests.swift */,
				629F47871089F11C2624A604 /* MarkerImageCompressionTests.swift */,
				CB49204DC62950AB6B319F2C /* MarkerRepositoryTests.swift */,
				FDB69B65CFD0B0604D5476A1 /* RouteRedrawTests.swift */,
				2146BC6CB6A7DB6BE807D4A3 /* RouteSelectionTests.swift */,
				879F810511ACB01618962440 /* SearchPaginationTests.swift */,
				C335E3944995E33E94762A45 /* SearchSelectionTests.swift */,
			);
			path = Tests;
			sourceTree = "<group>";
		};
		94444192ED34ACAD55BE8FA1 /* Map */ = {
			isa = PBXGroup;
			children = (
				8D1D7BACAED41D3AB875D71B /* AMapView.swift */,
				538108F21D71668426EA9A48 /* MapRenderer.swift */,
				2DA31AC9C1D4779C84150D42 /* RouteDayPicker.swift */,
			);
			path = Map;
			sourceTree = "<group>";
		};
		A8237EDCA57B9D7973C21B7D /* MAMapKit.framework */ = {
			isa = PBXGroup;
			children = (
				2BB74C6B3AD95B8AF3911377 /* AMap.bundle */,
			);
			name = MAMapKit.framework;
			path = Vendor/MAMapKit.framework;
			sourceTree = "<group>";
		};
		AB809905652E19437FC8DA88 /* UITests */ = {
			isa = PBXGroup;
			children = (
				4727193173735B1B9BB87B02 /* AddMapPlaceTests.swift */,
				71A017E8694F055DAB5D395B /* AIPlannerUITests.swift */,
				F96C9DF6A9CD060EB8FC5BF9 /* InteractionTests.swift */,
				E3CEB28B9AC73D1B3F6747FB /* IPadBackButtonTests.swift */,
				455D902A90E28E3E96034F8D /* IPadDetailTests.swift */,
				1967E749797AC413790F093E /* ItineraryScrollTests.swift */,
				6F00528A33C5070614ABF1CA /* JourneyBackgroundTests.swift */,
				56F9EE0EE65E5CD608401408 /* JourneyEditingActionsTests.swift */,
				A37628FCCBC95361BF34534F /* JourneySwitchingTests.swift */,
				676BF728262A724D1F0EA38F /* JourneyTitleTests.swift */,
				038EF71F79FF50630DC220E9 /* LongPressPresentationTests.swift */,
				401E2D25019885A304E0676C /* MapZoomTests.swift */,
				AA085D1BA8DACA6C746B7934 /* MarkerEditorTests.swift */,
				E45FECFBB8C13A6617DE0148 /* NativeJourneyTests.swift */,
				4869E83E16B78BCCC652AAF2 /* PanelControlsTests.swift */,
				184D7AD5A43DD29A4BC180FA /* RouteSelectionTests.swift */,
				0B62253EAC3829164040323C /* SearchMapTests.swift */,
				F00A56773C523B6EC0BA67DC /* SearchPaginationUITests.swift */,
				CEA9209DA30A602DD938E864 /* SettingsAboutTests.swift */,
				5405CAA1777E9322D0EC643D /* TripEditorTests.swift */,
			);
			path = UITests;
			sourceTree = "<group>";
		};
		AFAFD15A2BD898C54EFEC39A = {
			isa = PBXGroup;
			children = (
				1EF9154FA46CC75A2451A6C7 /* App */,
				E403A0E9A6B470EF793632B7 /* Config */,
				2BCFA94719B5F00772146B79 /* Core */,
				A8237EDCA57B9D7973C21B7D /* MAMapKit.framework */,
				94444192ED34ACAD55BE8FA1 /* Map */,
				51A720AC2B203A3394D9A050 /* Tests */,
				AB809905652E19437FC8DA88 /* UITests */,
				1FA04B1D4795AEF0373DC2C2 /* Views */,
				F3A7794206A8FA1DB797F5D7 /* Products */,
			);
			sourceTree = "<group>";
		};
		E403A0E9A6B470EF793632B7 /* Config */ = {
			isa = PBXGroup;
			children = (
				C93BEB8BDCD7B18AE3AF5CAC /* App.xcconfig */,
			);
			path = Config;
			sourceTree = "<group>";
		};
		F3A7794206A8FA1DB797F5D7 /* Products */ = {
			isa = PBXGroup;
			children = (
				1D05C6D25966F6717D9418A3 /* MapAnNai.app */,
				42CAE74097153A4CF3C81CE1 /* MapAnNaiTests.xctest */,
				F68E87F16FD306CFB5F81815 /* MapAnNaiUITests.xctest */,
			);
			name = Products;
			sourceTree = "<group>";
		};
/* End PBXGroup section */

/* Begin PBXNativeTarget section */
		35346FA783E77D1CC9D41F83 /* MapAnNai */ = {
			isa = PBXNativeTarget;
			buildConfigurationList = 3979FBECE13BCE6ECADB1E41 /* Build configuration list for PBXNativeTarget "MapAnNai" */;
			buildPhases = (
				394CA53E81478605526371FD /* Sources */,
				A4360F7BFACD436B8BD3F8EF /* Resources */,
			);
			buildRules = (
			);
			dependencies = (
			);
			name = MapAnNai;
			packageProductDependencies = (
			);
			productName = MapAnNai;
			productReference = 1D05C6D25966F6717D9418A3 /* MapAnNai.app */;
			productType = "com.apple.product-type.application";
		};
		56DBA31528395D155CA9878E /* MapAnNaiTests */ = {
			isa = PBXNativeTarget;
			buildConfigurationList = CCECF1FA4403D2F177F65C82 /* Build configuration list for PBXNativeTarget "MapAnNaiTests" */;
			buildPhases = (
				6F6AE7011C04B772BC54C583 /* Sources */,
			);
			buildRules = (
			);
			dependencies = (
				B4F2A220B3D0FC4C99BADF04 /* PBXTargetDependency */,
			);
			name = MapAnNaiTests;
			packageProductDependencies = (
			);
			productName = MapAnNaiTests;
			productReference = 42CAE74097153A4CF3C81CE1 /* MapAnNaiTests.xctest */;
			productType = "com.apple.product-type.bundle.unit-test";
		};
		FE4DD01D52889247DAB30687 /* MapAnNaiUITests */ = {
			isa = PBXNativeTarget;
			buildConfigurationList = E04B57600D2609EDBD274952 /* Build configuration list for PBXNativeTarget "MapAnNaiUITests" */;
			buildPhases = (
				B93B70927E77A4222B2BF112 /* Sources */,
			);
			buildRules = (
			);
			dependencies = (
				EFAAE1424222F9EE1D8FBC47 /* PBXTargetDependency */,
			);
			name = MapAnNaiUITests;
			packageProductDependencies = (
			);
			productName = MapAnNaiUITests;
			productReference = F68E87F16FD306CFB5F81815 /* MapAnNaiUITests.xctest */;
			productType = "com.apple.product-type.bundle.ui-testing";
		};
/* End PBXNativeTarget section */

/* Begin PBXProject section */
		982C388814086B3B841106C2 /* Project object */ = {
			isa = PBXProject;
			attributes = {
				BuildIndependentTargetsInParallel = YES;
				LastUpgradeCheck = 1430;
				TargetAttributes = {
					FE4DD01D52889247DAB30687 = {
						TestTargetID = 35346FA783E77D1CC9D41F83;
					};
				};
			};
			buildConfigurationList = 511B83EC6758DC5D2FF29F49 /* Build configuration list for PBXProject "MapAnNai" */;
			developmentRegion = en;
			hasScannedForEncodings = 0;
			knownRegions = (
				Base,
				en,
			);
			mainGroup = AFAFD15A2BD898C54EFEC39A;
			minimizedProjectReferenceProxies = 1;
			preferredProjectObjectVersion = 77;
			productRefGroup = F3A7794206A8FA1DB797F5D7 /* Products */;
			projectDirPath = "";
			projectRoot = "";
			targets = (
				35346FA783E77D1CC9D41F83 /* MapAnNai */,
				56DBA31528395D155CA9878E /* MapAnNaiTests */,
				FE4DD01D52889247DAB30687 /* MapAnNaiUITests */,
			);
		};
/* End PBXProject section */

/* Begin PBXResourcesBuildPhase section */
		A4360F7BFACD436B8BD3F8EF /* Resources */ = {
			isa = PBXResourcesBuildPhase;
			buildActionMask = 2147483647;
			files = (
				FA12D526BE363798066A4746 /* AMap.bundle in Resources */,
				A292D855F2E570ABB25B79F7 /* Assets.xcassets in Resources */,
				49854BE16EBA83ACCBB42D5E /* PrivacyInfo.xcprivacy in Resources */,
			);
			runOnlyForDeploymentPostprocessing = 0;
		};
/* End PBXResourcesBuildPhase section */

/* Begin PBXSourcesBuildPhase section */
		394CA53E81478605526371FD /* Sources */ = {
			isa = PBXSourcesBuildPhase;
			buildActionMask = 2147483647;
			files = (
				023F481F94F75F757435852F /* AIPlanner.swift in Sources */,
				5C9EA6A5EA50DF5C6538B4F1 /* AIPlannerView.swift in Sources */,
				BD107C091E8E4C753CB7D72E /* AMapView.swift in Sources */,
				D61C89014A16E20523662687 /* APIClient.swift in Sources */,
				68FF0B51308420440E8B1B0B /* AppConfiguration.swift in Sources */,
				CD90D38874039B3AA27EE68D /* AppStore.swift in Sources */,
				5E5B7F87B301257F05899C5B /* CameraMotion.swift in Sources */,
				94A01BA374D7E4FEB1418E35 /* Geometry.swift in Sources */,
				23CC06614DFD047642FEFB5F /* HomeView.swift in Sources */,
				88BDD700EE8AEA131E92D93A /* JourneyCircleButtonStyle.swift in Sources */,
				74A88091D9ABF6D8AA712AB9 /* JourneySheetBackground.swift in Sources */,
				E5E82A9A2F2526B35B873E8B /* JourneyViews.swift in Sources */,
				B353F2DDCDACD295F7761889 /* MapAnNaiApp.swift in Sources */,
				18DC608C17CAC7B4854B1504 /* MapLayout.swift in Sources */,
				713D1F220F533D20CBEF44F5 /* MapRenderer.swift in Sources */,
				22412999EF9F454257D4C2AA /* MapServices.swift in Sources */,
				600AA5D63A9848C91732D1B2 /* MapZoomPresentation.swift in Sources */,
				715560E54C4642338D7A666A /* MarkerImageCompression.swift in Sources */,
				6BBD3C37096FDF93EEF42081 /* MarkerPresentation.swift in Sources */,
				E2168374E2CE6CF03B3B8704 /* MarkerRepository.swift in Sources */,
				1090057AE077861B9DFB1180 /* MarkerViews.swift in Sources */,
				DA349CCCD8C4953A7B89C9E2 /* Models.swift in Sources */,
				D34B30E8151C3DFF8428D7E3 /* NativeMapControls.swift in Sources */,
				B55668A6A18E3B01AE4916BF /* NoteContent.swift in Sources */,
				77664758EF9744C20B041766 /* RichText.swift in Sources */,
				0A3C38A375DBE8FF853161E1 /* RouteCache.swift in Sources */,
				9AA3D451340B9A78DBD31C91 /* RouteDayPicker.swift in Sources */,
				97F611E5D8A6E49BAE5F2958 /* RouteOverlaySnapshot.swift in Sources */,
				E59A20A4E04ECD9CFFF72589 /* RouteProcessing.swift in Sources */,
				3335E79C4269BBF248ACA7E6 /* RouteSelection.swift in Sources */,
				5538217A971FAC9AA8F693F5 /* RouteSpatialIndex.swift in Sources */,
				7BEA09FA819B4A2C14776CC8 /* SearchPaginationFooter.swift in Sources */,
				DC1D46E954FB9A2F0D7C464E /* Settings.swift in Sources */,
				6A7D2165452F483DB01241F3 /* SettingsView.swift in Sources */,
				F1C63FD2A82AAF743A72E3E0 /* StartupCamera.swift in Sources */,
				3CB22184CBBAE48E12851E89 /* Theme.swift in Sources */,
				B13C16980AC0CF8CF7E227EB /* TripsView.swift in Sources */,
			);
			runOnlyForDeploymentPostprocessing = 0;
		};
		6F6AE7011C04B772BC54C583 /* Sources */ = {
			isa = PBXSourcesBuildPhase;
			buildActionMask = 2147483647;
			files = (
				DA9CD0CDD537652D05E8EE9E /* AIPlannerTests.swift in Sources */,
				0F68D718306898A0D1AAD16E /* CameraMotionTests.swift in Sources */,
				094AD351688781CAF39E4064 /* ConcurrencyTests.swift in Sources */,
				F454FB7809C094724227F0B8 /* CoreTests.swift in Sources */,
				39485F3DE95106F278FE9E42 /* DayCameraTests.swift in Sources */,
				0EDCCB2CA07F97E8E8503BE8 /* MarkerImageCompressionTests.swift in Sources */,
				77E5FBF26CBA7D5C9FA81B1C /* MarkerRepositoryTests.swift in Sources */,
				A9F6407DE636ABED000B181E /* RouteRedrawTests.swift in Sources */,
				38923053CF1C60938E3DA1A0 /* RouteSelectionTests.swift in Sources */,
				248B5EF5261AB46C680B894E /* SearchPaginationTests.swift in Sources */,
				8FC298524B1D52C0FBF7C80B /* SearchSelectionTests.swift in Sources */,
			);
			runOnlyForDeploymentPostprocessing = 0;
		};
		B93B70927E77A4222B2BF112 /* Sources */ = {
			isa = PBXSourcesBuildPhase;
			buildActionMask = 2147483647;
			files = (
				B25AC42552BB34D2312B4B7B /* AIPlannerUITests.swift in Sources */,
				3949F712B65422C0D0BDCFC9 /* AddMapPlaceTests.swift in Sources */,
				9B10601417C914FADA9A378B /* IPadBackButtonTests.swift in Sources */,
				EA7A0398EDDD1A5DFFE220EF /* IPadDetailTests.swift in Sources */,
				27733094231AD19C78C10729 /* InteractionTests.swift in Sources */,
				40D75353D7FB6F3862F2FA5B /* ItineraryScrollTests.swift in Sources */,
				D35081C38CB650DFA49D2085 /* JourneyBackgroundTests.swift in Sources */,
				C4D5DDD576313DAB75D72D1E /* JourneyEditingActionsTests.swift in Sources */,
				8ACAB632ABC3011A72B69678 /* JourneySwitchingTests.swift in Sources */,
				0679CC248D57929A408668B1 /* JourneyTitleTests.swift in Sources */,
				08F6D4B5CBC0095BC47A4100 /* LongPressPresentationTests.swift in Sources */,
				A84AB72A4DDDDCE73C8F9F47 /* MapZoomTests.swift in Sources */,
				4ACB817D344D263D4236929F /* MarkerEditorTests.swift in Sources */,
				90547715CCA2328EA998204F /* NativeJourneyTests.swift in Sources */,
				4692A1E0AFE15F940C05AF1A /* PanelControlsTests.swift in Sources */,
				F4F825F5B89CAF5DBED715F0 /* RouteSelectionTests.swift in Sources */,
				5DF08649B912E7DCD153DAF9 /* SearchMapTests.swift in Sources */,
				2CC9AE294B1D5677D1C16057 /* SearchPaginationUITests.swift in Sources */,
				766FE466F6D956CDA75A8209 /* SettingsAboutTests.swift in Sources */,
				0D8DA2E591B528E9625BE0C1 /* TripEditorTests.swift in Sources */,
			);
			runOnlyForDeploymentPostprocessing = 0;
		};
/* End PBXSourcesBuildPhase section */

/* Begin PBXTargetDependency section */
		B4F2A220B3D0FC4C99BADF04 /* PBXTargetDependency */ = {
			isa = PBXTargetDependency;
			target = 35346FA783E77D1CC9D41F83 /* MapAnNai */;
			targetProxy = 03991907EFDF034282A0F241 /* PBXContainerItemProxy */;
		};
		EFAAE1424222F9EE1D8FBC47 /* PBXTargetDependency */ = {
			isa = PBXTargetDependency;
			target = 35346FA783E77D1CC9D41F83 /* MapAnNai */;
			targetProxy = CCE6420A7E5FE944954D82B1 /* PBXContainerItemProxy */;
		};
/* End PBXTargetDependency section */

/* Begin XCBuildConfiguration section */
		185C547A519DA91D6E48B1A5 /* Debug */ = {
			isa = XCBuildConfiguration;
			buildSettings = {
				ASSETCATALOG_COMPILER_APPICON_NAME = AppIcon;
				CODE_SIGN_IDENTITY = "iPhone Developer";
				INFOPLIST_FILE = App/Info.plist;
				LD_RUNPATH_SEARCH_PATHS = (
					"$(inherited)",
					"@executable_path/Frameworks",
				);
				PRODUCT_BUNDLE_IDENTIFIER = me.mapannai.ios;
				SDKROOT = iphoneos;
				TARGETED_DEVICE_FAMILY = "1,2";
			};
			name = Debug;
		};
		28D57EF9A6629AFD12B06A82 /* Release */ = {
			isa = XCBuildConfiguration;
			baseConfigurationReference = C93BEB8BDCD7B18AE3AF5CAC /* App.xcconfig */;
			buildSettings = {
				ALWAYS_SEARCH_USER_PATHS = NO;
				ASSETCATALOG_COMPILER_APPICON_NAME = AppIcon;
				CLANG_ANALYZER_NONNULL = YES;
				CLANG_ANALYZER_NUMBER_OBJECT_CONVERSION = YES_AGGRESSIVE;
				CLANG_CXX_LANGUAGE_STANDARD = "gnu++14";
				CLANG_CXX_LIBRARY = "libc++";
				CLANG_ENABLE_MODULES = YES;
				CLANG_ENABLE_OBJC_ARC = YES;
				CLANG_ENABLE_OBJC_WEAK = YES;
				CLANG_WARN_BLOCK_CAPTURE_AUTORELEASING = YES;
				CLANG_WARN_BOOL_CONVERSION = YES;
				CLANG_WARN_COMMA = YES;
				CLANG_WARN_CONSTANT_CONVERSION = YES;
				CLANG_WARN_DEPRECATED_OBJC_IMPLEMENTATIONS = YES;
				CLANG_WARN_DIRECT_OBJC_ISA_USAGE = YES_ERROR;
				CLANG_WARN_DOCUMENTATION_COMMENTS = YES;
				CLANG_WARN_EMPTY_BODY = YES;
				CLANG_WARN_ENUM_CONVERSION = YES;
				CLANG_WARN_INFINITE_RECURSION = YES;
				CLANG_WARN_INT_CONVERSION = YES;
				CLANG_WARN_NON_LITERAL_NULL_CONVERSION = YES;
				CLANG_WARN_OBJC_IMPLICIT_RETAIN_SELF = YES;
				CLANG_WARN_OBJC_LITERAL_CONVERSION = YES;
				CLANG_WARN_OBJC_ROOT_CLASS = YES_ERROR;
				CLANG_WARN_QUOTED_INCLUDE_IN_FRAMEWORK_HEADER = YES;
				CLANG_WARN_RANGE_LOOP_ANALYSIS = YES;
				CLANG_WARN_STRICT_PROTOTYPES = YES;
				CLANG_WARN_SUSPICIOUS_MOVE = YES;
				CLANG_WARN_UNGUARDED_AVAILABILITY = YES_AGGRESSIVE;
				CLANG_WARN_UNREACHABLE_CODE = YES;
				CLANG_WARN__DUPLICATE_METHOD_MATCH = YES;
				COPY_PHASE_STRIP = NO;
				CURRENT_PROJECT_VERSION = 75;
				DEBUG_INFORMATION_FORMAT = "dwarf-with-dsym";
				ENABLE_NS_ASSERTIONS = NO;
				ENABLE_STRICT_OBJC_MSGSEND = YES;
				ENABLE_USER_SCRIPT_SANDBOXING = YES;
				FRAMEWORK_SEARCH_PATHS = "$(inherited) $(PROJECT_DIR)/Vendor";
				GCC_C_LANGUAGE_STANDARD = gnu11;
				GCC_NO_COMMON_BLOCKS = YES;
				GCC_WARN_64_TO_32_BIT_CONVERSION = YES;
				GCC_WARN_ABOUT_RETURN_TYPE = YES_ERROR;
				GCC_WARN_UNDECLARED_SELECTOR = YES;
				GCC_WARN_UNINITIALIZED_AUTOS = YES_AGGRESSIVE;
				GCC_WARN_UNUSED_FUNCTION = YES;
				GCC_WARN_UNUSED_VARIABLE = YES;
				GENERATE_INFOPLIST_FILE = YES;
				INFOPLIST_KEY_CFBundleDisplayName = MapAnNai;
				INFOPLIST_KEY_NSLocalNetworkUsageDescription = "连接你配置的局域网 MapAnNai 服务。";
				INFOPLIST_KEY_NSLocationWhenInUseUsageDescription = "在你点击定位时，在地图上显示当前位置。";
				INFOPLIST_KEY_NSPhotoLibraryUsageDescription = "选择图片，为地点添加照片。";
				INFOPLIST_KEY_UIApplicationSceneManifest_Generation = YES;
				INFOPLIST_KEY_UIApplicationSupportsIndirectInputEvents = YES;
				INFOPLIST_KEY_UILaunchScreen_Generation = YES;
				IPHONEOS_DEPLOYMENT_TARGET = 17.0;
				MARKETING_VERSION = 0.0.1;
				MTL_ENABLE_DEBUG_INFO = NO;
				MTL_FAST_MATH = YES;
				"OTHER_LDFLAGS[sdk=iphoneos*]" = "$(inherited) -ObjC -framework MAMapKit -framework AMapFoundationKit -framework CoreTelephony -framework SystemConfiguration -framework Security -framework OpenGLES -framework GLKit -lz -lc++";
				PRODUCT_NAME = "$(TARGET_NAME)";
				SDKROOT = iphoneos;
				SWIFT_COMPILATION_MODE = wholemodule;
				SWIFT_OBJC_BRIDGING_HEADER = "App/MapAnNai-Bridging-Header.h";
				SWIFT_OPTIMIZATION_LEVEL = "-O";
				SWIFT_VERSION = 5.0;
				TARGETED_DEVICE_FAMILY = "1,2";
			};
			name = Release;
		};
		7532ADDA4F735C18F8F932A2 /* Debug */ = {
			isa = XCBuildConfiguration;
			buildSettings = {
				BUNDLE_LOADER = "$(TEST_HOST)";
				LD_RUNPATH_SEARCH_PATHS = (
					"$(inherited)",
					"@executable_path/Frameworks",
					"@loader_path/Frameworks",
				);
				PRODUCT_BUNDLE_IDENTIFIER = me.mapannai.MapAnNaiTests;
				SDKROOT = iphoneos;
				SWIFT_OBJC_BRIDGING_HEADER = "";
				TARGETED_DEVICE_FAMILY = "1,2";
				TEST_HOST = "$(BUILT_PRODUCTS_DIR)/MapAnNai.app/MapAnNai";
			};
			name = Debug;
		};
		84DAC2CCED66BF5F32B03215 /* Release */ = {
			isa = XCBuildConfiguration;
			buildSettings = {
				BUNDLE_LOADER = "$(TEST_HOST)";
				LD_RUNPATH_SEARCH_PATHS = (
					"$(inherited)",
					"@executable_path/Frameworks",
					"@loader_path/Frameworks",
				);
				PRODUCT_BUNDLE_IDENTIFIER = me.mapannai.MapAnNaiUITests;
				SDKROOT = iphoneos;
				SWIFT_OBJC_BRIDGING_HEADER = "";
				TARGETED_DEVICE_FAMILY = "1,2";
				TEST_TARGET_NAME = MapAnNai;
			};
			name = Release;
		};
		AEE5FDD00D8BFCCBCFED8B44 /* Release */ = {
			isa = XCBuildConfiguration;
			buildSettings = {
				ASSETCATALOG_COMPILER_APPICON_NAME = AppIcon;
				CODE_SIGN_IDENTITY = "iPhone Developer";
				INFOPLIST_FILE = App/Info.plist;
				LD_RUNPATH_SEARCH_PATHS = (
					"$(inherited)",
					"@executable_path/Frameworks",
				);
				PRODUCT_BUNDLE_IDENTIFIER = me.mapannai.ios;
				SDKROOT = iphoneos;
				TARGETED_DEVICE_FAMILY = "1,2";
			};
			name = Release;
		};
		B0977ED71EEA8AB8616477CB /* Release */ = {
			isa = XCBuildConfiguration;
			buildSettings = {
				BUNDLE_LOADER = "$(TEST_HOST)";
				LD_RUNPATH_SEARCH_PATHS = (
					"$(inherited)",
					"@executable_path/Frameworks",
					"@loader_path/Frameworks",
				);
				PRODUCT_BUNDLE_IDENTIFIER = me.mapannai.MapAnNaiTests;
				SDKROOT = iphoneos;
				SWIFT_OBJC_BRIDGING_HEADER = "";
				TARGETED_DEVICE_FAMILY = "1,2";
				TEST_HOST = "$(BUILT_PRODUCTS_DIR)/MapAnNai.app/MapAnNai";
			};
			name = Release;
		};
		F0B9855208696CA2C8EA8C03 /* Debug */ = {
			isa = XCBuildConfiguration;
			baseConfigurationReference = C93BEB8BDCD7B18AE3AF5CAC /* App.xcconfig */;
			buildSettings = {
				ALWAYS_SEARCH_USER_PATHS = NO;
				ASSETCATALOG_COMPILER_APPICON_NAME = AppIcon;
				CLANG_ANALYZER_NONNULL = YES;
				CLANG_ANALYZER_NUMBER_OBJECT_CONVERSION = YES_AGGRESSIVE;
				CLANG_CXX_LANGUAGE_STANDARD = "gnu++14";
				CLANG_CXX_LIBRARY = "libc++";
				CLANG_ENABLE_MODULES = YES;
				CLANG_ENABLE_OBJC_ARC = YES;
				CLANG_ENABLE_OBJC_WEAK = YES;
				CLANG_WARN_BLOCK_CAPTURE_AUTORELEASING = YES;
				CLANG_WARN_BOOL_CONVERSION = YES;
				CLANG_WARN_COMMA = YES;
				CLANG_WARN_CONSTANT_CONVERSION = YES;
				CLANG_WARN_DEPRECATED_OBJC_IMPLEMENTATIONS = YES;
				CLANG_WARN_DIRECT_OBJC_ISA_USAGE = YES_ERROR;
				CLANG_WARN_DOCUMENTATION_COMMENTS = YES;
				CLANG_WARN_EMPTY_BODY = YES;
				CLANG_WARN_ENUM_CONVERSION = YES;
				CLANG_WARN_INFINITE_RECURSION = YES;
				CLANG_WARN_INT_CONVERSION = YES;
				CLANG_WARN_NON_LITERAL_NULL_CONVERSION = YES;
				CLANG_WARN_OBJC_IMPLICIT_RETAIN_SELF = YES;
				CLANG_WARN_OBJC_LITERAL_CONVERSION = YES;
				CLANG_WARN_OBJC_ROOT_CLASS = YES_ERROR;
				CLANG_WARN_QUOTED_INCLUDE_IN_FRAMEWORK_HEADER = YES;
				CLANG_WARN_RANGE_LOOP_ANALYSIS = YES;
				CLANG_WARN_STRICT_PROTOTYPES = YES;
				CLANG_WARN_SUSPICIOUS_MOVE = YES;
				CLANG_WARN_UNGUARDED_AVAILABILITY = YES_AGGRESSIVE;
				CLANG_WARN_UNREACHABLE_CODE = YES;
				CLANG_WARN__DUPLICATE_METHOD_MATCH = YES;
				COPY_PHASE_STRIP = NO;
				CURRENT_PROJECT_VERSION = 75;
				DEBUG_INFORMATION_FORMAT = dwarf;
				ENABLE_STRICT_OBJC_MSGSEND = YES;
				ENABLE_TESTABILITY = YES;
				ENABLE_USER_SCRIPT_SANDBOXING = YES;
				FRAMEWORK_SEARCH_PATHS = "$(inherited) $(PROJECT_DIR)/Vendor";
				GCC_C_LANGUAGE_STANDARD = gnu11;
				GCC_DYNAMIC_NO_PIC = NO;
				GCC_NO_COMMON_BLOCKS = YES;
				GCC_OPTIMIZATION_LEVEL = 0;
				GCC_PREPROCESSOR_DEFINITIONS = (
					"$(inherited)",
					"DEBUG=1",
				);
				GCC_WARN_64_TO_32_BIT_CONVERSION = YES;
				GCC_WARN_ABOUT_RETURN_TYPE = YES_ERROR;
				GCC_WARN_UNDECLARED_SELECTOR = YES;
				GCC_WARN_UNINITIALIZED_AUTOS = YES_AGGRESSIVE;
				GCC_WARN_UNUSED_FUNCTION = YES;
				GCC_WARN_UNUSED_VARIABLE = YES;
				GENERATE_INFOPLIST_FILE = YES;
				INFOPLIST_KEY_CFBundleDisplayName = MapAnNai;
				INFOPLIST_KEY_NSLocalNetworkUsageDescription = "连接你配置的局域网 MapAnNai 服务。";
				INFOPLIST_KEY_NSLocationWhenInUseUsageDescription = "在你点击定位时，在地图上显示当前位置。";
				INFOPLIST_KEY_NSPhotoLibraryUsageDescription = "选择图片，为地点添加照片。";
				INFOPLIST_KEY_UIApplicationSceneManifest_Generation = YES;
				INFOPLIST_KEY_UIApplicationSupportsIndirectInputEvents = YES;
				INFOPLIST_KEY_UILaunchScreen_Generation = YES;
				IPHONEOS_DEPLOYMENT_TARGET = 17.0;
				MARKETING_VERSION = 0.0.1;
				MTL_ENABLE_DEBUG_INFO = INCLUDE_SOURCE;
				MTL_FAST_MATH = YES;
				ONLY_ACTIVE_ARCH = YES;
				"OTHER_LDFLAGS[sdk=iphoneos*]" = "$(inherited) -ObjC -framework MAMapKit -framework AMapFoundationKit -framework CoreTelephony -framework SystemConfiguration -framework Security -framework OpenGLES -framework GLKit -lz -lc++";
				PRODUCT_NAME = "$(TARGET_NAME)";
				SDKROOT = iphoneos;
				SWIFT_ACTIVE_COMPILATION_CONDITIONS = DEBUG;
				SWIFT_OBJC_BRIDGING_HEADER = "App/MapAnNai-Bridging-Header.h";
				SWIFT_OPTIMIZATION_LEVEL = "-Onone";
				SWIFT_VERSION = 5.0;
				TARGETED_DEVICE_FAMILY = "1,2";
			};
			name = Debug;
		};
		F71E7525253818EF6C54C9E9 /* Debug */ = {
			isa = XCBuildConfiguration;
			buildSettings = {
				BUNDLE_LOADER = "$(TEST_HOST)";
				LD_RUNPATH_SEARCH_PATHS = (
					"$(inherited)",
					"@executable_path/Frameworks",
					"@loader_path/Frameworks",
				);
				PRODUCT_BUNDLE_IDENTIFIER = me.mapannai.MapAnNaiUITests;
				SDKROOT = iphoneos;
				SWIFT_OBJC_BRIDGING_HEADER = "";
				TARGETED_DEVICE_FAMILY = "1,2";
				TEST_TARGET_NAME = MapAnNai;
			};
			name = Debug;
		};
/* End XCBuildConfiguration section */

/* Begin XCConfigurationList section */
		3979FBECE13BCE6ECADB1E41 /* Build configuration list for PBXNativeTarget "MapAnNai" */ = {
			isa = XCConfigurationList;
			buildConfigurations = (
				185C547A519DA91D6E48B1A5 /* Debug */,
				AEE5FDD00D8BFCCBCFED8B44 /* Release */,
			);
			defaultConfigurationIsVisible = 0;
			defaultConfigurationName = Debug;
		};
		511B83EC6758DC5D2FF29F49 /* Build configuration list for PBXProject "MapAnNai" */ = {
			isa = XCConfigurationList;
			buildConfigurations = (
				F0B9855208696CA2C8EA8C03 /* Debug */,
				28D57EF9A6629AFD12B06A82 /* Release */,
			);
			defaultConfigurationIsVisible = 0;
			defaultConfigurationName = Debug;
		};
		CCECF1FA4403D2F177F65C82 /* Build configuration list for PBXNativeTarget "MapAnNaiTests" */ = {
			isa = XCConfigurationList;
			buildConfigurations = (
				7532ADDA4F735C18F8F932A2 /* Debug */,
				B0977ED71EEA8AB8616477CB /* Release */,
			);
			defaultConfigurationIsVisible = 0;
			defaultConfigurationName = Debug;
		};
		E04B57600D2609EDBD274952 /* Build configuration list for PBXNativeTarget "MapAnNaiUITests" */ = {
			isa = XCConfigurationList;
			buildConfigurations = (
				F71E7525253818EF6C54C9E9 /* Debug */,
				84DAC2CCED66BF5F32B03215 /* Release */,
			);
			defaultConfigurationIsVisible = 0;
			defaultConfigurationName = Debug;
		};
/* End XCConfigurationList section */
	};
	rootObject = 982C388814086B3B841106C2 /* Project object */;
}
